{
  "version": "3",
  "packages": {
    "specifiers": {
      "npm:axios": "npm:axios@1.6.7",
      "npm:dayjs": "npm:dayjs@1.11.10",
      "npm:discord.js": "npm:discord.js@14.14.1",
      "npm:ical": "npm:ical@0.8.0"
    },
    "npm": {
      "@discordjs/builders@1.7.0": {
        "integrity": "sha512-GDtbKMkg433cOZur8Dv6c25EHxduNIBsxeHrsRoIM8+AwmEZ8r0tEpckx/sHwTLwQPOF3e2JWloZh9ofCaMfAw==",
        "dependencies": {
          "@discordjs/formatters": "@discordjs/formatters@0.3.3",
          "@discordjs/util": "@discordjs/util@1.0.2",
          "@sapphire/shapeshift": "@sapphire/shapeshift@3.9.6",
          "discord-api-types": "discord-api-types@0.37.61",
          "fast-deep-equal": "fast-deep-equal@3.1.3",
          "ts-mixer": "ts-mixer@6.0.3",
          "tslib": "tslib@2.6.2"
        }
      },
      "@discordjs/collection@1.5.3": {
        "integrity": "sha512-SVb428OMd3WO1paV3rm6tSjM4wC+Kecaa1EUGX7vc6/fddvw/6lg90z4QtCqm21zvVe92vMMDt9+DkIvjXImQQ==",
        "dependencies": {}
      },
      "@discordjs/collection@2.0.0": {
        "integrity": "sha512-YTWIXLrf5FsrLMycpMM9Q6vnZoR/lN2AWX23/Cuo8uOOtS8eHB2dyQaaGnaF8aZPYnttf2bkLMcXn/j6JUOi3w==",
        "dependencies": {}
      },
      "@discordjs/formatters@0.3.3": {
        "integrity": "sha512-wTcI1Q5cps1eSGhl6+6AzzZkBBlVrBdc9IUhJbijRgVjCNIIIZPgqnUj3ntFODsHrdbGU8BEG9XmDQmgEEYn3w==",
        "dependencies": {
          "discord-api-types": "discord-api-types@0.37.61"
        }
      },
      "@discordjs/rest@2.2.0": {
        "integrity": "sha512-nXm9wT8oqrYFRMEqTXQx9DUTeEtXUDMmnUKIhZn6O2EeDY9VCdwj23XCPq7fkqMPKdF7ldAfeVKyxxFdbZl59A==",
        "dependencies": {
          "@discordjs/collection": "@discordjs/collection@2.0.0",
          "@discordjs/util": "@discordjs/util@1.0.2",
          "@sapphire/async-queue": "@sapphire/async-queue@1.5.2",
          "@sapphire/snowflake": "@sapphire/snowflake@3.5.1",
          "@vladfrangu/async_event_emitter": "@vladfrangu/async_event_emitter@2.2.4",
          "discord-api-types": "discord-api-types@0.37.61",
          "magic-bytes.js": "magic-bytes.js@1.8.0",
          "tslib": "tslib@2.6.2",
          "undici": "undici@5.27.2"
        }
      },
      "@discordjs/util@1.0.2": {
        "integrity": "sha512-IRNbimrmfb75GMNEjyznqM1tkI7HrZOf14njX7tCAAUetyZM1Pr8hX/EK2lxBCOgWDRmigbp24fD1hdMfQK5lw==",
        "dependencies": {}
      },
      "@discordjs/ws@1.0.2": {
        "integrity": "sha512-+XI82Rm2hKnFwAySXEep4A7Kfoowt6weO6381jgW+wVdTpMS/56qCvoXyFRY0slcv7c/U8My2PwIB2/wEaAh7Q==",
        "dependencies": {
          "@discordjs/collection": "@discordjs/collection@2.0.0",
          "@discordjs/rest": "@discordjs/rest@2.2.0",
          "@discordjs/util": "@discordjs/util@1.0.2",
          "@sapphire/async-queue": "@sapphire/async-queue@1.5.2",
          "@types/ws": "@types/ws@8.5.9",
          "@vladfrangu/async_event_emitter": "@vladfrangu/async_event_emitter@2.2.4",
          "discord-api-types": "discord-api-types@0.37.61",
          "tslib": "tslib@2.6.2",
          "ws": "ws@8.14.2"
        }
      },
      "@fastify/busboy@2.1.0": {
        "integrity": "sha512-+KpH+QxZU7O4675t3mnkQKcZZg56u+K/Ct2K+N2AZYNVK8kyeo/bI18tI8aPm3tvNNRyTWfj6s5tnGNlcbQRsA==",
        "dependencies": {}
      },
      "@sapphire/async-queue@1.5.2": {
        "integrity": "sha512-7X7FFAA4DngXUl95+hYbUF19bp1LGiffjJtu7ygrZrbdCSsdDDBaSjB7Akw0ZbOu6k0xpXyljnJ6/RZUvLfRdg==",
        "dependencies": {}
      },
      "@sapphire/shapeshift@3.9.6": {
        "integrity": "sha512-4+Na/fxu2SEepZRb9z0dbsVh59QtwPuBg/UVaDib3av7ZY14b14+z09z6QVn0P6Dv6eOU2NDTsjIi0mbtgP56g==",
        "dependencies": {
          "fast-deep-equal": "fast-deep-equal@3.1.3",
          "lodash": "lodash@4.17.21"
        }
      },
      "@sapphire/snowflake@3.5.1": {
        "integrity": "sha512-BxcYGzgEsdlG0dKAyOm0ehLGm2CafIrfQTZGWgkfKYbj+pNNsorZ7EotuZukc2MT70E0UbppVbtpBrqpzVzjNA==",
        "dependencies": {}
      },
      "@types/node@18.16.19": {
        "integrity": "sha512-IXl7o+R9iti9eBW4Wg2hx1xQDig183jj7YLn8F7udNceyfkbn1ZxmzZXuak20gR40D7pIkIY1kYGx5VIGbaHKA==",
        "dependencies": {}
      },
      "@types/ws@8.5.9": {
        "integrity": "sha512-jbdrY0a8lxfdTp/+r7Z4CkycbOFN8WX+IOchLJr3juT/xzbJ8URyTVSJ/hvNdadTgM1mnedb47n+Y31GsFnQlg==",
        "dependencies": {
          "@types/node": "@types/node@18.16.19"
        }
      },
      "@vladfrangu/async_event_emitter@2.2.4": {
        "integrity": "sha512-ButUPz9E9cXMLgvAW8aLAKKJJsPu1dY1/l/E8xzLFuysowXygs6GBcyunK9rnGC4zTsnIc2mQo71rGw9U+Ykug==",
        "dependencies": {}
      },
      "asynckit@0.4.0": {
        "integrity": "sha512-Oei9OH4tRh0YqU3GxhX79dM/mwVgvbZJaSNaRk+bshkj0S5cfHcgYakreBjrHwatXKbz+IoIdYLxrKim2MjW0Q==",
        "dependencies": {}
      },
      "axios@1.6.7": {
        "integrity": "sha512-/hDJGff6/c7u0hDkvkGxR/oy6CbCs8ziCsC7SqmhjfozqiJGc8Z11wrv9z9lYfY4K8l+H9TpjcMDX0xOZmx+RA==",
        "dependencies": {
          "follow-redirects": "follow-redirects@1.15.5",
          "form-data": "form-data@4.0.0",
          "proxy-from-env": "proxy-from-env@1.1.0"
        }
      },
      "combined-stream@1.0.8": {
        "integrity": "sha512-FQN4MRfuJeHf7cBbBMJFXhKSDq+2kAArBlmRBvcvFE5BB1HZKXtSFASDhdlz9zOYwxh8lDdnvmMOe/+5cdoEdg==",
        "dependencies": {
          "delayed-stream": "delayed-stream@1.0.0"
        }
      },
      "dayjs@1.11.10": {
        "integrity": "sha512-vjAczensTgRcqDERK0SR2XMwsF/tSvnvlv6VcF2GIhg6Sx4yOIt/irsr1RDJsKiIyBzJDpCoXiWWq28MqH2cnQ==",
        "dependencies": {}
      },
      "delayed-stream@1.0.0": {
        "integrity": "sha512-ZySD7Nf91aLB0RxL4KGrKHBXl7Eds1DAmEdcoVawXnLD7SDhpNgtuII2aAkg7a7QS41jxPSZ17p4VdGnMHk3MQ==",
        "dependencies": {}
      },
      "discord-api-types@0.37.61": {
        "integrity": "sha512-o/dXNFfhBpYHpQFdT6FWzeO7pKc838QeeZ9d91CfVAtpr5XLK4B/zYxQbYgPdoMiTDvJfzcsLW5naXgmHGDNXw==",
        "dependencies": {}
      },
      "discord.js@14.14.1": {
        "integrity": "sha512-/hUVzkIerxKHyRKopJy5xejp4MYKDPTszAnpYxzVVv4qJYf+Tkt+jnT2N29PIPschicaEEpXwF2ARrTYHYwQ5w==",
        "dependencies": {
          "@discordjs/builders": "@discordjs/builders@1.7.0",
          "@discordjs/collection": "@discordjs/collection@1.5.3",
          "@discordjs/formatters": "@discordjs/formatters@0.3.3",
          "@discordjs/rest": "@discordjs/rest@2.2.0",
          "@discordjs/util": "@discordjs/util@1.0.2",
          "@discordjs/ws": "@discordjs/ws@1.0.2",
          "@sapphire/snowflake": "@sapphire/snowflake@3.5.1",
          "@types/ws": "@types/ws@8.5.9",
          "discord-api-types": "discord-api-types@0.37.61",
          "fast-deep-equal": "fast-deep-equal@3.1.3",
          "lodash.snakecase": "lodash.snakecase@4.1.1",
          "tslib": "tslib@2.6.2",
          "undici": "undici@5.27.2",
          "ws": "ws@8.14.2"
        }
      },
      "fast-deep-equal@3.1.3": {
        "integrity": "sha512-f3qQ9oQy9j2AhBe/H9VC91wLmKBCCU/gDOnKNAYG5hswO7BLKj09Hc5HYNz9cGI++xlpDCIgDaitVs03ATR84Q==",
        "dependencies": {}
      },
      "follow-redirects@1.15.5": {
        "integrity": "sha512-vSFWUON1B+yAw1VN4xMfxgn5fTUiaOzAJCKBwIIgT/+7CuGy9+r+5gITvP62j3RmaD5Ph65UaERdOSRGUzZtgw==",
        "dependencies": {}
      },
      "form-data@4.0.0": {
        "integrity": "sha512-ETEklSGi5t0QMZuiXoA/Q6vcnxcLQP5vdugSpuAyi6SVGi2clPPp+xgEhuMaHC+zGgn31Kd235W35f7Hykkaww==",
        "dependencies": {
          "asynckit": "asynckit@0.4.0",
          "combined-stream": "combined-stream@1.0.8",
          "mime-types": "mime-types@2.1.35"
        }
      },
      "ical@0.8.0": {
        "integrity": "sha512-/viUSb/RGLLnlgm0lWRlPBtVeQguQRErSPYl3ugnUaKUnzQswKqOG3M8/P1v1AB5NJwlHTuvTq1cs4mpeG2rCg==",
        "dependencies": {
          "rrule": "rrule@2.4.1"
        }
      },
      "lodash.snakecase@4.1.1": {
        "integrity": "sha512-QZ1d4xoBHYUeuouhEq3lk3Uq7ldgyFXGBhg04+oRLnIz8o9T65Eh+8YdroUwn846zchkA9yDsDl5CVVaV2nqYw==",
        "dependencies": {}
      },
      "lodash@4.17.21": {
        "integrity": "sha512-v2kDEe57lecTulaDIuNTPy3Ry4gLGJ6Z1O3vE1krgXZNrsQ+LFTGHVxVjcXPs17LhbZVGedAJv8XZ1tvj5FvSg==",
        "dependencies": {}
      },
      "luxon@1.28.1": {
        "integrity": "sha512-gYHAa180mKrNIUJCbwpmD0aTu9kV0dREDrwNnuyFAsO1Wt0EVYSZelPnJlbj9HplzXX/YWXHFTL45kvZ53M0pw==",
        "dependencies": {}
      },
      "magic-bytes.js@1.8.0": {
        "integrity": "sha512-lyWpfvNGVb5lu8YUAbER0+UMBTdR63w2mcSUlhhBTyVbxJvjgqwyAf3AZD6MprgK0uHuBoWXSDAMWLupX83o3Q==",
        "dependencies": {}
      },
      "mime-db@1.52.0": {
        "integrity": "sha512-sPU4uV7dYlvtWJxwwxHD0PuihVNiE7TyAbQ5SWxDCB9mUYvOgroQOwYQQOKPJ8CIbE+1ETVlOoK1UC2nU3gYvg==",
        "dependencies": {}
      },
      "mime-types@2.1.35": {
        "integrity": "sha512-ZDY+bPm5zTTF+YpCrAU9nK0UgICYPT0QtT1NZWFv4s++TNkcgVaT0g6+4R2uI4MjQjzysHB1zxuWL50hzaeXiw==",
        "dependencies": {
          "mime-db": "mime-db@1.52.0"
        }
      },
      "proxy-from-env@1.1.0": {
        "integrity": "sha512-D+zkORCbA9f1tdWRK0RaCR3GPv50cMxcrz4X8k5LTSUD1Dkw47mKJEZQNunItRTkWwgtaUSo1RVFRIG9ZXiFYg==",
        "dependencies": {}
      },
      "rrule@2.4.1": {
        "integrity": "sha512-+NcvhETefswZq13T8nkuEnnQ6YgUeZaqMqVbp+ZiFDPCbp3AVgQIwUvNVDdMNrP05bKZG9ddDULFp0qZZYDrxg==",
        "dependencies": {
          "luxon": "luxon@1.28.1"
        }
      },
      "ts-mixer@6.0.3": {
        "integrity": "sha512-k43M7uCG1AkTyxgnmI5MPwKoUvS/bRvLvUb7+Pgpdlmok8AoqmUaZxUUw8zKM5B1lqZrt41GjYgnvAi0fppqgQ==",
        "dependencies": {}
      },
      "tslib@2.6.2": {
        "integrity": "sha512-AEYxH93jGFPn/a2iVAwW87VuUIkR1FVUKB77NwMF7nBTDkDrrT/Hpt/IrCJ0QXhW27jTBDcf5ZY7w6RiqTMw2Q==",
        "dependencies": {}
      },
      "undici@5.27.2": {
        "integrity": "sha512-iS857PdOEy/y3wlM3yRp+6SNQQ6xU0mmZcwRSriqk+et/cwWAtwmIGf6WkoDN2EK/AMdCO/dfXzIwi+rFMrjjQ==",
        "dependencies": {
          "@fastify/busboy": "@fastify/busboy@2.1.0"
        }
      },
      "ws@8.14.2": {
        "integrity": "sha512-wEBG1ftX4jcglPxgFCMJmZ2PLtSbJ2Peg6TmpJFTbe9GZYOQCDPdMYu/Tm0/bGZkw8paZnJY45J4K2PZrLYq8g==",
        "dependencies": {}
      }
    }
  },
  "remote": {
    "https://deno.land/std@0.215.0/dotenv/mod.ts": "0180eaeedaaf88647318811cdaa418cc64dc51fb08354f91f5f480d0a1309f7d",
    "https://deno.land/std@0.215.0/dotenv/parse.ts": "a49ed243bd62ec26f38614042cda4e5e3a47b18337c93b0f9f8556a5c918884b",
    "https://deno.land/std@0.215.0/dotenv/stringify.ts": "0047ad7068289735d08964046aea267a750c141b494ca0e38831b89be6c020c2"
  }
}
